// !$*UTF8*$!
{
	archiveVersion = 1;
	classes = {
	};
	objectVersion = 50;
	objects = {

/* Begin PBXBuildFile section */
		9FD1DDE02570FE6900F3584F /* AppDelegate.swift in Sources */ = {isa = PBXBuildFile; fileRef = 9FD1DDDF2570FE6900F3584F /* AppDelegate.swift */; };
		9FD1DDE22570FE6900F3584F /* SceneDelegate.swift in Sources */ = {isa = PBXBuildFile; fileRef = 9FD1DDE12570FE6900F3584F /* SceneDelegate.swift */; };
		9FD1DDE72570FE6900F3584F /* Main.storyboard in Resources */ = {isa = PBXBuildFile; fileRef = 9FD1DDE52570FE6900F3584F /* Main.storyboard */; };
		9FD1DDEA2570FE6900F3584F /* HxMemo.xcdatamodeld in Sources */ = {isa = PBXBuildFile; fileRef = 9FD1DDE82570FE6900F3584F /* HxMemo.xcdatamodeld */; };
		9FD1DDEC2570FE6C00F3584F /* Assets.xcassets in Resources */ = {isa = PBXBuildFile; fileRef = 9FD1DDEB2570FE6C00F3584F /* Assets.xcassets */; };
		9FD1DDEF2570FE6C00F3584F /* LaunchScreen.storyboard in Resources */ = {isa = PBXBuildFile; fileRef = 9FD1DDED2570FE6C00F3584F /* LaunchScreen.storyboard */; };
		9FD1DDFC257109E600F3584F /* Model.swift in Sources */ = {isa = PBXBuildFile; fileRef = 9FD1DDFB257109E600F3584F /* Model.swift */; };
		9FD1DDFF25710BF200F3584F /* MemoListTableViewController.swift in Sources */ = {isa = PBXBuildFile; fileRef = 9FD1DDFE25710BF200F3584F /* MemoListTableViewController.swift */; };
		9FD1DE022571173900F3584F /* ComposeViewController.swift in Sources */ = {isa = PBXBuildFile; fileRef = 9FD1DE012571173900F3584F /* ComposeViewController.swift */; };
		9FD1DE05257122EE00F3584F /* UIViewController+Alert.swift in Sources */ = {isa = PBXBuildFile; fileRef = 9FD1DE04257122EE00F3584F /* UIViewController+Alert.swift */; };
		9FD1DE082571515D00F3584F /* DetailViewController.swift in Sources */ = {isa = PBXBuildFile; fileRef = 9FD1DE072571515D00F3584F /* DetailViewController.swift */; };
/* End PBXBuildFile section */

/* Begin PBXFileReference section */
		9FD1DDDC2570FE6900F3584F /* HxMemo.app */ = {isa = PBXFileReference; explicitFileType = wrapper.application; includeInIndex = 0; path = HxMemo.app; sourceTree = BUILT_PRODUCTS_DIR; };
		9FD1DDDF2570FE6900F3584F /* AppDelegate.swift */ = {isa = PBXFileReference; lastKnownFileType = sourcecode.swift; path = AppDelegate.swift; sourceTree = "<group>"; };
		9FD1DDE12570FE6900F3584F /* SceneDelegate.swift */ = {isa = PBXFileReference; lastKnownFileType = sourcecode.swift; path = SceneDelegate.swift; sourceTree = "<group>"; };
		9FD1DDE62570FE6900F3584F /* Base */ = {isa = PBXFileReference; lastKnownFileType = file.storyboard; name = Base; path = Base.lproj/Main.storyboard; sourceTree = "<group>"; };
		9FD1DDE92570FE6900F3584F /* HxMemo.xcdatamodel */ = {isa = PBXFileReference; lastKnownFileType = wrapper.xcdatamodel; path = HxMemo.xcdatamodel; sourceTree = "<group>"; };
		9FD1DDEB2570FE6C00F3584F /* Assets.xcassets */ = {isa = PBXFileReference; lastKnownFileType = folder.assetcatalog; path = Assets.xcassets; sourceTree = "<group>"; };
		9FD1DDEE2570FE6C00F3584F /* Base */ = {isa = PBXFileReference; lastKnownFileType = file.storyboard; name = Base; path = Base.lproj/LaunchScreen.storyboard; sourceTree = "<group>"; };
		9FD1DDF02570FE6C00F3584F /* Info.plist */ = {isa = PBXFileReference; lastKnownFileType = text.plist.xml; path = Info.plist; sourceTree = "<group>"; };
		9FD1DDFB257109E600F3584F /* Model.swift */ = {isa = PBXFileReference; lastKnownFileType = sourcecode.swift; path = Model.swift; sourceTree = "<group>"; };
		9FD1DDFE25710BF200F3584F /* MemoListTableViewController.swift */ = {isa = PBXFileReference; lastKnownFileType = sourcecode.swift; path = MemoListTableViewController.swift; sourceTree = "<group>"; };
		9FD1DE012571173900F3584F /* ComposeViewController.swift */ = {isa = PBXFileReference; lastKnownFileType = sourcecode.swift; path = ComposeViewController.swift; sourceTree = "<group>"; };
		9FD1DE04257122EE00F3584F /* UIViewController+Alert.swift */ = {isa = PBXFileReference; lastKnownFileType = sourcecode.swift; path = "UIViewController+Alert.swift"; sourceTree = "<group>"; };
		9FD1DE072571515D00F3584F /* DetailViewController.swift */ = {isa = PBXFileReference; lastKnownFileType = sourcecode.swift; path = DetailViewController.swift; sourceTree = "<group>"; };
/* End PBXFileReference section */

/* Begin PBXFrameworksBuildPhase section */
		9FD1DDD92570FE6900F3584F /* Frameworks */ = {
			isa = PBXFrameworksBuildPhase;
			buildActionMask = 2147483647;
			files = (
			);
			runOnlyForDeploymentPostprocessing = 0;
		};
/* End PBXFrameworksBuildPhase section */

/* Begin PBXGroup section */
		9FD1DDD32570FE6900F3584F = {
			isa = PBXGroup;
			children = (
				9FD1DDDE2570FE6900F3584F /* HxMemo */,
				9FD1DDDD2570FE6900F3584F /* Products */,
			);
			sourceTree = "<group>";
		};
		9FD1DDDD2570FE6900F3584F /* Products */ = {
			isa = PBXGroup;
			children = (
				9FD1DDDC2570FE6900F3584F /* HxMemo.app */,
			);
			name = Products;
			sourceTree = "<group>";
		};
		9FD1DDDE2570FE6900F3584F /* HxMemo */ = {
			isa = PBXGroup;
			children = (
				9FD1DDFA2571084500F3584F /* Model */,
				9FD1DDDF2570FE6900F3584F /* AppDelegate.swift */,
				9FD1DDE12570FE6900F3584F /* SceneDelegate.swift */,
				9FD1DDE52570FE6900F3584F /* Main.storyboard */,
				9FD1DDEB2570FE6C00F3584F /* Assets.xcassets */,
				9FD1DDED2570FE6C00F3584F /* LaunchScreen.storyboard */,
				9FD1DDF02570FE6C00F3584F /* Info.plist */,
				9FD1DDE82570FE6900F3584F /* HxMemo.xcdatamodeld */,
				9FD1DDFE25710BF200F3584F /* MemoListTableViewController.swift */,
				9FD1DE012571173900F3584F /* ComposeViewController.swift */,
				9FD1DE04257122EE00F3584F /* UIViewController+Alert.swift */,
				9FD1DE072571515D00F3584F /* DetailViewController.swift */,
			);
			path = HxMemo;
			sourceTree = "<group>";
		};
		9FD1DDFA2571084500F3584F /* Model */ = {
			isa = PBXGroup;
			children = (
				9FD1DDFB257109E600F3584F /* Model.swift */,
			);
			path = Model;
			sourceTree = "<group>";
		};
/* End PBXGroup section */

/* Begin PBXNativeTarget section */
		9FD1DDDB2570FE6900F3584F /* HxMemo */ = {
			isa = PBXNativeTarget;
			buildConfigurationList = 9FD1DDF32570FE6C00F3584F /* Build configuration list for PBXNativeTarget "HxMemo" */;
			buildPhases = (
				9FD1DDD82570FE6900F3584F /* Sources */,
				9FD1DDD92570FE6900F3584F /* Frameworks */,
				9FD1DDDA2570FE6900F3584F /* Resources */,
			);
			buildRules = (
			);
			dependencies = (
			);
			name = HxMemo;
			productName = HxMemo;
			productReference = 9FD1DDDC2570FE6900F3584F /* HxMemo.app */;
			productType = "com.apple.product-type.application";
		};
/* End PBXNativeTarget section */

/* Begin PBXProject section */
		9FD1DDD42570FE6900F3584F /* Project object */ = {
			isa = PBXProject;
			attributes = {
				LastSwiftUpdateCheck = 1200;
				LastUpgradeCheck = 1200;
				TargetAttributes = {
					9FD1DDDB2570FE6900F3584F = {
						CreatedOnToolsVersion = 12.0;
					};
				};
			};
			buildConfigurationList = 9FD1DDD72570FE6900F3584F /* Build configuration list for PBXProject "HxMemo" */;
			compatibilityVersion = "Xcode 9.3";
			developmentRegion = en;
			hasScannedForEncodings = 0;
			knownRegions = (
				en,
				Base,
			);
			mainGroup = 9FD1DDD32570FE6900F3584F;
			productRefGroup = 9FD1DDDD2570FE6900F3584F /* Products */;
			projectDirPath = "";
			projectRoot = "";
			targets = (
				9FD1DDDB2570FE6900F3584F /* HxMemo */,
			);
		};
/* End PBXProject section */

/* Begin PBXResourcesBuildPhase section */
		9FD1DDDA2570FE6900F3584F /* Resources */ = {
			isa = PBXResourcesBuildPhase;
			buildActionMask = 2147483647;
			files = (
				9FD1DDEF2570FE6C00F3584F /* LaunchScreen.storyboard in Resources */,
				9FD1DDEC2570FE6C00F3584F /* Assets.xcassets in Resources */,
				9FD1DDE72570FE6900F3584F /* Main.storyboard in Resources */,
			);
			runOnlyForDeploymentPostprocessing = 0;
		};
/* End PBXResourcesBuildPhase section */

/* Begin PBXSourcesBuildPhase section */
		9FD1DDD82570FE6900F3584F /* Sources */ = {
			isa = PBXSourcesBuildPhase;
			buildActionMask = 2147483647;
			files = (
				9FD1DDEA2570FE6900F3584F /* HxMemo.xcdatamodeld in Sources */,
				9FD1DDE02570FE6900F3584F /* AppDelegate.swift in Sources */,
				9FD1DDFF25710BF200F3584F /* MemoListTableViewController.swift in Sources */,
				9FD1DE022571173900F3584F /* ComposeViewController.swift in Sources */,
				9FD1DDE22570FE6900F3584F /* SceneDelegate.swift in Sources */,
				9FD1DDFC257109E600F3584F /* Model.swift in Sources */,
				9FD1DE05257122EE00F3584F /* UIViewController+Alert.swift in Sources */,
				9FD1DE082571515D00F3584F /* DetailViewController.swift in Sources */,
			);
			runOnlyForDeploymentPostprocessing = 0;
		};
/* End PBXSourcesBuildPhase section */

/* Begin PBXVariantGroup section */
		9FD1DDE52570FE6900F3584F /* Main.storyboard */ = {
			isa = PBXVariantGroup;
			children = (
				9FD1DDE62570FE6900F3584F /* Base */,
			);
			name = Main.storyboard;
			sourceTree = "<group>";
		};
		9FD1DDED2570FE6C00F3584F /* LaunchScreen.storyboard */ = {
			isa = PBXVariantGroup;
			children = (
				9FD1DDEE2570FE6C00F3584F /* Base */,
			);
			name = LaunchScreen.storyboard;
			sourceTree = "<group>";
		};
/* End PBXVariantGroup section */

/* Begin XCBuildConfiguration section */
		9FD1DDF12570FE6C00F3584F /* Debug */ = {
			isa = XCBuildConfiguration;
			buildSettings = {
				ALWAYS_SEARCH_USER_PATHS = NO;
				CLANG_ANALYZER_NONNULL = YES;
				CLANG_ANALYZER_NUMBER_OBJECT_CONVERSION = YES_AGGRESSIVE;
				CLANG_CXX_LANGUAGE_STANDARD = "gnu++14";
				CLANG_CXX_LIBRARY = "libc++";
				CLANG_ENABLE_MODULES = YES;
				CLANG_ENABLE_OBJC_ARC = YES;
				CLANG_ENABLE_OBJC_WEAK = YES;
				CLANG_WARN_BLOCK_CAPTURE_AUTORELEASING = YES;
				CLANG_WARN_BOOL_CONVERSION = YES;
				CLANG_WARN_COMMA = YES;
				CLANG_WARN_CONSTANT_CONVERSION = YES;
				CLANG_WARN_DEPRECATED_OBJC_IMPLEMENTATIONS = YES;
				CLANG_WARN_DIRECT_OBJC_ISA_USAGE = YES_ERROR;
				CLANG_WARN_DOCUMENTATION_COMMENTS = YES;
				CLANG_WARN_EMPTY_BODY = YES;
				CLANG_WARN_ENUM_CONVERSION = YES;
				CLANG_WARN_INFINITE_RECURSION = YES;
				CLANG_WARN_INT_CONVERSION = YES;
				CLANG_WARN_NON_LITERAL_NULL_CONVERSION = YES;
				CLANG_WARN_OBJC_IMPLICIT_RETAIN_SELF = YES;
				CLANG_WARN_OBJC_LITERAL_CONVERSION = YES;
				CLANG_WARN_OBJC_ROOT_CLASS = YES_ERROR;
				CLANG_WARN_QUOTED_INCLUDE_IN_FRAMEWORK_HEADER = YES;
				CLANG_WARN_RANGE_LOOP_ANALYSIS = YES;
				CLANG_WARN_STRICT_PROTOTYPES = YES;
				CLANG_WARN_SUSPICIOUS_MOVE = YES;
				CLANG_WARN_UNGUARDED_AVAILABILITY = YES_AGGRESSIVE;
				CLANG_WARN_UNREACHABLE_CODE = YES;
				CLANG_WARN__DUPLICATE_METHOD_MATCH = YES;
				COPY_PHASE_STRIP = NO;
				DEBUG_INFORMATION_FORMAT = dwarf;
				ENABLE_STRICT_OBJC_MSGSEND = YES;
				ENABLE_TESTABILITY = YES;
				GCC_C_LANGUAGE_STANDARD = gnu11;
				GCC_DYNAMIC_NO_PIC = NO;
				GCC_NO_COMMON_BLOCKS = YES;
				GCC_OPTIMIZATION_LEVEL = 0;
				GCC_PREPROCESSOR_DEFINITIONS = (
					"DEBUG=1",
					"$(inherited)",
				);
				GCC_WARN_64_TO_32_BIT_CONVERSION = YES;
				GCC_WARN_ABOUT_RETURN_TYPE = YES_ERROR;
				GCC_WARN_UNDECLARED_SELECTOR = YES;
				GCC_WARN_UNINITIALIZED_AUTOS = YES_AGGRESSIVE;
				GCC_WARN_UNUSED_FUNCTION = YES;
				GCC_WARN_UNUSED_VARIABLE = YES;
				IPHONEOS_DEPLOYMENT_TARGET = 14.0;
				MTL_ENABLE_DEBUG_INFO = INCLUDE_SOURCE;
				MTL_FAST_MATH = YES;
				ONLY_ACTIVE_ARCH = YES;
				SDKROOT = iphoneos;
				SWIFT_ACTIVE_COMPILATION_CONDITIONS = DEBUG;
				SWIFT_OPTIMIZATION_LEVEL = "-Onone";
			};
			name = Debug;
		};
		9FD1DDF22570FE6C00F3584F /* Release */ = {
			isa = XCBuildConfiguration;
			buildSettings = {
				ALWAYS_SEARCH_USER_PATHS = NO;
				CLANG_ANALYZER_NONNULL = YES;
				CLANG_ANALYZER_NUMBER_OBJECT_CONVERSION = YES_AGGRESSIVE;
				CLANG_CXX_LANGUAGE_STANDARD = "gnu++14";
				CLANG_CXX_LIBRARY = "libc++";
				CLANG_ENABLE_MODULES = YES;
				CLANG_ENABLE_OBJC_ARC = YES;
				CLANG_ENABLE_OBJC_WEAK = YES;
				CLANG_WARN_BLOCK_CAPTURE_AUTORELEASING = YES;
				CLANG_WARN_BOOL_CONVERSION = YES;
				CLANG_WARN_COMMA = YES;
				CLANG_WARN_CONSTANT_CONVERSION = YES;
				CLANG_WARN_DEPRECATED_OBJC_IMPLEMENTATIONS = YES;
				CLANG_WARN_DIRECT_OBJC_ISA_USAGE = YES_ERROR;
				CLANG_WARN_DOCUMENTATION_COMMENTS = YES;
				CLANG_WARN_EMPTY_BODY = YES;
				CLANG_WARN_ENUM_CONVERSION = YES;
				CLANG_WARN_INFINITE_RECURSION = YES;
				CLANG_WARN_INT_CONVERSION = YES;
				CLANG_WARN_NON_LITERAL_NULL_CONVERSION = YES;
				CLANG_WARN_OBJC_IMPLICIT_RETAIN_SELF = YES;
				CLANG_WARN_OBJC_LITERAL_CONVERSION = YES;
				CLANG_WARN_OBJC_ROOT_CLASS = YES_ERROR;
				CLANG_WARN_QUOTED_INCLUDE_IN_FRAMEWORK_HEADER = YES;
				CLANG_WARN_RANGE_LOOP_ANALYSIS = YES;
				CLANG_WARN_STRICT_PROTOTYPES = YES;
				CLANG_WARN_SUSPICIOUS_MOVE = YES;
				CLANG_WARN_UNGUARDED_AVAILABILITY = YES_AGGRESSIVE;
				CLANG_WARN_UNREACHABLE_CODE = YES;
				CLANG_WARN__DUPLICATE_METHOD_MATCH = YES;
				COPY_PHASE_STRIP = NO;
				DEBUG_INFORMATION_FORMAT = "dwarf-with-dsym";
				ENABLE_NS_ASSERTIONS = NO;
				ENABLE_STRICT_OBJC_MSGSEND = YES;
				GCC_C_LANGUAGE_STANDARD = gnu11;
				GCC_NO_COMMON_BLOCKS = YES;
				GCC_WARN_64_TO_32_BIT_CONVERSION = YES;
				GCC_WARN_ABOUT_RETURN_TYPE = YES_ERROR;
				GCC_WARN_UNDECLARED_SELECTOR = YES;
				GCC_WARN_UNINITIALIZED_AUTOS = YES_AGGRESSIVE;
				GCC_WARN_UNUSED_FUNCTION = YES;
				GCC_WARN_UNUSED_VARIABLE = YES;
				IPHONEOS_DEPLOYMENT_TARGET = 14.0;
				MTL_ENABLE_DEBUG_INFO = NO;
				MTL_FAST_MATH = YES;
				SDKROOT = iphoneos;
				SWIFT_COMPILATION_MODE = wholemodule;
				SWIFT_OPTIMIZATION_LEVEL = "-O";
				VALIDATE_PRODUCT = YES;
			};
			name = Release;
		};
		9FD1DDF42570FE6C00F3584F /* Debug */ = {
			isa = XCBuildConfiguration;
			buildSettings = {
				ASSETCATALOG_COMPILER_APPICON_NAME = AppIcon;
				ASSETCATALOG_COMPILER_GLOBAL_ACCENT_COLOR_NAME = AccentColor;
				CODE_SIGN_STYLE = Automatic;
				INFOPLIST_FILE = HxMemo/Info.plist;
				IPHONEOS_DEPLOYMENT_TARGET = 12.0;
				LD_RUNPATH_SEARCH_PATHS = (
					"$(inherited)",
					"@executable_path/Frameworks",
				);
				PRODUCT_BUNDLE_IDENTIFIER = iOSHaYeonStudy.HxMemo;
				PRODUCT_NAME = "$(TARGET_NAME)";
				SWIFT_VERSION = 5.0;
				TARGETED_DEVICE_FAMILY = "1,2";
			};
			name = Debug;
		};
		9FD1DDF52570FE6C00F3584F /* Release */ = {
			isa = XCBuildConfiguration;
			buildSettings = {
				ASSETCATALOG_COMPILER_APPICON_NAME = AppIcon;
				ASSETCATALOG_COMPILER_GLOBAL_ACCENT_COLOR_NAME = AccentColor;
				CODE_SIGN_STYLE = Automatic;
				INFOPLIST_FILE = HxMemo/Info.plist;
				IPHONEOS_DEPLOYMENT_TARGET = 12.0;
				LD_RUNPATH_SEARCH_PATHS = (
					"$(inherited)",
					"@executable_path/Frameworks",
				);
				PRODUCT_BUNDLE_IDENTIFIER = iOSHaYeonStudy.HxMemo;
				PRODUCT_NAME = "$(TARGET_NAME)";
				SWIFT_VERSION = 5.0;
				TARGETED_DEVICE_FAMILY = "1,2";
			};
			name = Release;
		};
/* End XCBuildConfiguration section */

/* Begin XCConfigurationList section */
		9FD1DDD72570FE6900F3584F /* Build configuration list for PBXProject "HxMemo" */ = {
			isa = XCConfigurationList;
			buildConfigurations = (
				9FD1DDF12570FE6C00F3584F /* Debug */,
				9FD1DDF22570FE6C00F3584F /* Release */,
			);
			defaultConfigurationIsVisible = 0;
			defaultConfigurationName = Release;
		};
		9FD1DDF32570FE6C00F3584F /* Build configuration list for PBXNativeTarget "HxMemo" */ = {
			isa = XCConfigurationList;
			buildConfigurations = (
				9FD1DDF42570FE6C00F3584F /* Debug */,
				9FD1DDF52570FE6C00F3584F /* Release */,
			);
			defaultConfigurationIsVisible = 0;
			defaultConfigurationName = Release;
		};
/* End XCConfigurationList section */

/* Begin XCVersionGroup section */
		9FD1DDE82570FE6900F3584F /* HxMemo.xcdatamodeld */ = {
			isa = XCVersionGroup;
			children = (
				9FD1DDE92570FE6900F3584F /* HxMemo.xcdatamodel */,
			);
			currentVersion = 9FD1DDE92570FE6900F3584F /* HxMemo.xcdatamodel */;
			path = HxMemo.xcdatamodeld;
			sourceTree = "<group>";
			versionGroupType = wrapper.xcdatamodel;
		};
/* End XCVersionGroup section */
	};
	rootObject = 9FD1DDD42570FE6900F3584F /* Project object */;
}
